// !$*UTF8*$!
{
	archiveVersion = 1;
	classes = {
	};
	objectVersion = 56;
	objects = {

/* Begin PBXBuildFile section */
		5F5FF04C2BB6D684009622B1 /* AppDelegate.swift in Sources */ = {isa = PBXBuildFile; fileRef = 5F5FF04B2BB6D684009622B1 /* AppDelegate.swift */; };
		5F5FF04E2BB6D684009622B1 /* SceneDelegate.swift in Sources */ = {isa = PBXBuildFile; fileRef = 5F5FF04D2BB6D684009622B1 /* SceneDelegate.swift */; };
		5F5FF0502BB6D684009622B1 /* ViewController.swift in Sources */ = {isa = PBXBuildFile; fileRef = 5F5FF04F2BB6D684009622B1 /* ViewController.swift */; };
		5F5FF0532BB6D684009622B1 /* Main.storyboard in Resources */ = {isa = PBXBuildFile; fileRef = 5F5FF0512BB6D684009622B1 /* Main.storyboard */; };
		5F5FF0552BB6D686009622B1 /* Assets.xcassets in Resources */ = {isa = PBXBuildFile; fileRef = 5F5FF0542BB6D686009622B1 /* Assets.xcassets */; };
		5F5FF0582BB6D686009622B1 /* LaunchScreen.storyboard in Resources */ = {isa = PBXBuildFile; fileRef = 5F5FF0562BB6D686009622B1 /* LaunchScreen.storyboard */; };
		5F5FF06A2BB6D6CD009622B1 /* keyboard.appex in Embed Foundation Extensions */ = {isa = PBXBuildFile; fileRef = 5F5FF0632BB6D6CD009622B1 /* keyboard.appex */; settings = {ATTRIBUTES = (RemoveHeadersOnCopy, ); }; };
		5F6A55DE2BBB5BBD00D7702F /* TextFieldViewController.swift in Sources */ = {isa = PBXBuildFile; fileRef = 5F6A55DD2BBB5BBD00D7702F /* TextFieldViewController.swift */; };
		5FDCDE5D2BB6D7E800BCD549 /* KeyboardLayout.swift in Sources */ = {isa = PBXBuildFile; fileRef = 5FDCDE3F2BB6D7D900BCD549 /* KeyboardLayout.swift */; };
		5FDCDE5E2BB6D7E800BCD549 /* KeyBase.swift in Sources */ = {isa = PBXBuildFile; fileRef = 5FDCDE442BB6D7D900BCD549 /* KeyBase.swift */; };
		5FDCDE5F2BB6D7E800BCD549 /* KeyboardView.swift in Sources */ = {isa = PBXBuildFile; fileRef = 5FDCDE452BB6D7D900BCD549 /* KeyboardView.swift */; };
		5FDCDE602BB6D7E800BCD549 /* KeyRow.swift in Sources */ = {isa = PBXBuildFile; fileRef = 5FDCDE422BB6D7D900BCD549 /* KeyRow.swift */; };
		5FDCDE612BB6D7E800BCD549 /* KeyPopup.swift in Sources */ = {isa = PBXBuildFile; fileRef = 5FDCDE462BB6D7D900BCD549 /* KeyPopup.swift */; };
		5FDCDE622BB6D7E800BCD549 /* KeyboardViewController.swift in Sources */ = {isa = PBXBuildFile; fileRef = 5F5FF0652BB6D6CD009622B1 /* KeyboardViewController.swift */; };
		5FDCDE632BB6D7E800BCD549 /* CharacterKey.swift in Sources */ = {isa = PBXBuildFile; fileRef = 5FDCDE472BB6D7D900BCD549 /* CharacterKey.swift */; };
		5FDCDE642BB6D7E800BCD549 /* SpecialKey.swift in Sources */ = {isa = PBXBuildFile; fileRef = 5FDCDE412BB6D7D900BCD549 /* SpecialKey.swift */; };
		5FDCDE662BB6D7E800BCD549 /* UIColor+Extensions.swift in Sources */ = {isa = PBXBuildFile; fileRef = 5FDCDE3E2BB6D7D900BCD549 /* UIColor+Extensions.swift */; };
		5FDCDE672BB6D7E800BCD549 /* KeyboardHeightDetector.swift in Sources */ = {isa = PBXBuildFile; fileRef = 5FDCDE402BB6D7D900BCD549 /* KeyboardHeightDetector.swift */; };
		5FDCDE682BB6D7E800BCD549 /* CustomKeyButton.swift in Sources */ = {isa = PBXBuildFile; fileRef = 5FDCDE432BB6D7D900BCD549 /* CustomKeyButton.swift */; };
		5FDCDE732BB6E83100BCD549 /* Assets.xcassets in Resources */ = {isa = PBXBuildFile; fileRef = 5F5FF0542BB6D686009622B1 /* Assets.xcassets */; };
		5FF5C3C52BD87C3A00E07248 /* TextField.swift in Sources */ = {isa = PBXBuildFile; fileRef = 5FF5C3C42BD87C3A00E07248 /* TextField.swift */; };
/* End PBXBuildFile section */

/* Begin PBXContainerItemProxy section */
		5F5FF0682BB6D6CD009622B1 /* PBXContainerItemProxy */ = {
			isa = PBXContainerItemProxy;
			containerPortal = 5F5FF0402BB6D684009622B1 /* Project object */;
			proxyType = 1;
			remoteGlobalIDString = 5F5FF0622BB6D6CD009622B1;
			remoteInfo = keyboard;
		};
/* End PBXContainerItemProxy section */

/* Begin PBXCopyFilesBuildPhase section */
		5F5FF06E2BB6D6CD009622B1 /* Embed Foundation Extensions */ = {
			isa = PBXCopyFilesBuildPhase;
			buildActionMask = 2147483647;
			dstPath = "";
			dstSubfolderSpec = 13;
			files = (
				5F5FF06A2BB6D6CD009622B1 /* keyboard.appex in Embed Foundation Extensions */,
			);
			name = "Embed Foundation Extensions";
			runOnlyForDeploymentPostprocessing = 0;
		};
/* End PBXCopyFilesBuildPhase section */

/* Begin PBXFileReference section */
		5F5FF0482BB6D684009622B1 /* suomenanbur.app */ = {isa = PBXFileReference; explicitFileType = wrapper.application; includeInIndex = 0; path = suomenanbur.app; sourceTree = BUILT_PRODUCTS_DIR; };
		5F5FF04B2BB6D684009622B1 /* AppDelegate.swift */ = {isa = PBXFileReference; lastKnownFileType = sourcecode.swift; path = AppDelegate.swift; sourceTree = "<group>"; };
		5F5FF04D2BB6D684009622B1 /* SceneDelegate.swift */ = {isa = PBXFileReference; lastKnownFileType = sourcecode.swift; path = SceneDelegate.swift; sourceTree = "<group>"; };
		5F5FF04F2BB6D684009622B1 /* ViewController.swift */ = {isa = PBXFileReference; lastKnownFileType = sourcecode.swift; path = ViewController.swift; sourceTree = "<group>"; };
		5F5FF0522BB6D684009622B1 /* Base */ = {isa = PBXFileReference; lastKnownFileType = file.storyboard; name = Base; path = Base.lproj/Main.storyboard; sourceTree = "<group>"; };
		5F5FF0542BB6D686009622B1 /* Assets.xcassets */ = {isa = PBXFileReference; lastKnownFileType = folder.assetcatalog; path = Assets.xcassets; sourceTree = "<group>"; };
		5F5FF0572BB6D686009622B1 /* Base */ = {isa = PBXFileReference; lastKnownFileType = file.storyboard; name = Base; path = Base.lproj/LaunchScreen.storyboard; sourceTree = "<group>"; };
		5F5FF0592BB6D686009622B1 /* Info.plist */ = {isa = PBXFileReference; lastKnownFileType = text.plist.xml; path = Info.plist; sourceTree = "<group>"; };
		5F5FF0632BB6D6CD009622B1 /* keyboard.appex */ = {isa = PBXFileReference; explicitFileType = "wrapper.app-extension"; includeInIndex = 0; path = keyboard.appex; sourceTree = BUILT_PRODUCTS_DIR; };
		5F5FF0652BB6D6CD009622B1 /* KeyboardViewController.swift */ = {isa = PBXFileReference; lastKnownFileType = sourcecode.swift; path = KeyboardViewController.swift; sourceTree = "<group>"; };
		5F5FF0672BB6D6CD009622B1 /* Info.plist */ = {isa = PBXFileReference; lastKnownFileType = text.plist.xml; path = Info.plist; sourceTree = "<group>"; };
		5F6A55DD2BBB5BBD00D7702F /* TextFieldViewController.swift */ = {isa = PBXFileReference; lastKnownFileType = sourcecode.swift; path = TextFieldViewController.swift; sourceTree = "<group>"; };
		5FDCDE3E2BB6D7D900BCD549 /* UIColor+Extensions.swift */ = {isa = PBXFileReference; fileEncoding = 4; lastKnownFileType = sourcecode.swift; path = "UIColor+Extensions.swift"; sourceTree = "<group>"; };
		5FDCDE3F2BB6D7D900BCD549 /* KeyboardLayout.swift */ = {isa = PBXFileReference; fileEncoding = 4; lastKnownFileType = sourcecode.swift; path = KeyboardLayout.swift; sourceTree = "<group>"; };
		5FDCDE402BB6D7D900BCD549 /* KeyboardHeightDetector.swift */ = {isa = PBXFileReference; fileEncoding = 4; lastKnownFileType = sourcecode.swift; path = KeyboardHeightDetector.swift; sourceTree = "<group>"; };
		5FDCDE412BB6D7D900BCD549 /* SpecialKey.swift */ = {isa = PBXFileReference; fileEncoding = 4; lastKnownFileType = sourcecode.swift; path = SpecialKey.swift; sourceTree = "<group>"; };
		5FDCDE422BB6D7D900BCD549 /* KeyRow.swift */ = {isa = PBXFileReference; fileEncoding = 4; lastKnownFileType = sourcecode.swift; path = KeyRow.swift; sourceTree = "<group>"; };
		5FDCDE432BB6D7D900BCD549 /* CustomKeyButton.swift */ = {isa = PBXFileReference; fileEncoding = 4; lastKnownFileType = sourcecode.swift; path = CustomKeyButton.swift; sourceTree = "<group>"; };
		5FDCDE442BB6D7D900BCD549 /* KeyBase.swift */ = {isa = PBXFileReference; fileEncoding = 4; lastKnownFileType = sourcecode.swift; path = KeyBase.swift; sourceTree = "<group>"; };
		5FDCDE452BB6D7D900BCD549 /* KeyboardView.swift */ = {isa = PBXFileReference; fileEncoding = 4; lastKnownFileType = sourcecode.swift; path = KeyboardView.swift; sourceTree = "<group>"; };
		5FDCDE462BB6D7D900BCD549 /* KeyPopup.swift */ = {isa = PBXFileReference; fileEncoding = 4; lastKnownFileType = sourcecode.swift; path = KeyPopup.swift; sourceTree = "<group>"; };
		5FDCDE472BB6D7D900BCD549 /* CharacterKey.swift */ = {isa = PBXFileReference; fileEncoding = 4; lastKnownFileType = sourcecode.swift; path = CharacterKey.swift; sourceTree = "<group>"; };
		5FDCDE6B2BB6DE1900BCD549 /* ru */ = {isa = PBXFileReference; lastKnownFileType = text.plist.strings; name = ru; path = ru.lproj/Main.strings; sourceTree = "<group>"; };
		5FDCDE6C2BB6DE1900BCD549 /* ru */ = {isa = PBXFileReference; lastKnownFileType = text.plist.strings; name = ru; path = ru.lproj/LaunchScreen.strings; sourceTree = "<group>"; };
		5FDCDE6D2BB6DE2200BCD549 /* fi */ = {isa = PBXFileReference; lastKnownFileType = text.plist.strings; name = fi; path = fi.lproj/Main.strings; sourceTree = "<group>"; };
		5FDCDE6E2BB6DE2200BCD549 /* fi */ = {isa = PBXFileReference; lastKnownFileType = text.plist.strings; name = fi; path = fi.lproj/LaunchScreen.strings; sourceTree = "<group>"; };
		5FDCDE6F2BB6DE3A00BCD549 /* kv */ = {isa = PBXFileReference; lastKnownFileType = text.plist.strings; name = kv; path = kv.lproj/Main.strings; sourceTree = "<group>"; };
		5FDCDE702BB6DE3A00BCD549 /* kv */ = {isa = PBXFileReference; lastKnownFileType = text.plist.strings; name = kv; path = kv.lproj/LaunchScreen.strings; sourceTree = "<group>"; };
		5FF5C3C42BD87C3A00E07248 /* TextField.swift */ = {isa = PBXFileReference; lastKnownFileType = sourcecode.swift; path = TextField.swift; sourceTree = "<group>"; };
/* End PBXFileReference section */

/* Begin PBXFrameworksBuildPhase section */
		5F5FF0452BB6D684009622B1 /* Frameworks */ = {
			isa = PBXFrameworksBuildPhase;
			buildActionMask = 2147483647;
			files = (
			);
			runOnlyForDeploymentPostprocessing = 0;
		};
		5F5FF0602BB6D6CD009622B1 /* Frameworks */ = {
			isa = PBXFrameworksBuildPhase;
			buildActionMask = 2147483647;
			files = (
			);
			runOnlyForDeploymentPostprocessing = 0;
		};
/* End PBXFrameworksBuildPhase section */

/* Begin PBXGroup section */
		5F5FF03F2BB6D684009622B1 = {
			isa = PBXGroup;
			children = (
				5F5FF04A2BB6D684009622B1 /* suomenanbur */,
				5F5FF0642BB6D6CD009622B1 /* keyboard */,
				5F5FF0492BB6D684009622B1 /* Products */,
			);
			sourceTree = "<group>";
		};
		5F5FF0492BB6D684009622B1 /* Products */ = {
			isa = PBXGroup;
			children = (
				5F5FF0482BB6D684009622B1 /* suomenanbur.app */,
				5F5FF0632BB6D6CD009622B1 /* keyboard.appex */,
			);
			name = Products;
			sourceTree = "<group>";
		};
		5F5FF04A2BB6D684009622B1 /* suomenanbur */ = {
			isa = PBXGroup;
			children = (
				5F5FF04B2BB6D684009622B1 /* AppDelegate.swift */,
				5F5FF04D2BB6D684009622B1 /* SceneDelegate.swift */,
				5F5FF04F2BB6D684009622B1 /* ViewController.swift */,
				5FF5C3C42BD87C3A00E07248 /* TextField.swift */,
				5F6A55DD2BBB5BBD00D7702F /* TextFieldViewController.swift */,
				5F5FF0512BB6D684009622B1 /* Main.storyboard */,
				5F5FF0542BB6D686009622B1 /* Assets.xcassets */,
				5F5FF0562BB6D686009622B1 /* LaunchScreen.storyboard */,
				5F5FF0592BB6D686009622B1 /* Info.plist */,
			);
			path = suomenanbur;
			sourceTree = "<group>";
		};
		5F5FF0642BB6D6CD009622B1 /* keyboard */ = {
			isa = PBXGroup;
			children = (
				5F5FF0652BB6D6CD009622B1 /* KeyboardViewController.swift */,
				5F5FF0672BB6D6CD009622B1 /* Info.plist */,
				5FDCDE472BB6D7D900BCD549 /* CharacterKey.swift */,
				5FDCDE432BB6D7D900BCD549 /* CustomKeyButton.swift */,
				5FDCDE442BB6D7D900BCD549 /* KeyBase.swift */,
				5FDCDE402BB6D7D900BCD549 /* KeyboardHeightDetector.swift */,
				5FDCDE3F2BB6D7D900BCD549 /* KeyboardLayout.swift */,
				5FDCDE452BB6D7D900BCD549 /* KeyboardView.swift */,
				5FDCDE462BB6D7D900BCD549 /* KeyPopup.swift */,
				5FDCDE422BB6D7D900BCD549 /* KeyRow.swift */,
				5FDCDE412BB6D7D900BCD549 /* SpecialKey.swift */,
				5FDCDE3E2BB6D7D900BCD549 /* UIColor+Extensions.swift */,
			);
			path = keyboard;
			sourceTree = "<group>";
		};
/* End PBXGroup section */

/* Begin PBXNativeTarget section */
		5F5FF0472BB6D684009622B1 /* suomenanbur */ = {
			isa = PBXNativeTarget;
			buildConfigurationList = 5F5FF05C2BB6D686009622B1 /* Build configuration list for PBXNativeTarget "suomenanbur" */;
			buildPhases = (
				5F5FF0442BB6D684009622B1 /* Sources */,
				5F5FF0452BB6D684009622B1 /* Frameworks */,
				5F5FF0462BB6D684009622B1 /* Resources */,
				5F5FF06E2BB6D6CD009622B1 /* Embed Foundation Extensions */,
			);
			buildRules = (
			);
			dependencies = (
				5F5FF0692BB6D6CD009622B1 /* PBXTargetDependency */,
			);
			name = suomenanbur;
			productName = suomenanbur;
			productReference = 5F5FF0482BB6D684009622B1 /* suomenanbur.app */;
			productType = "com.apple.product-type.application";
		};
		5F5FF0622BB6D6CD009622B1 /* keyboard */ = {
			isa = PBXNativeTarget;
			buildConfigurationList = 5F5FF06B2BB6D6CD009622B1 /* Build configuration list for PBXNativeTarget "keyboard" */;
			buildPhases = (
				5F5FF05F2BB6D6CD009622B1 /* Sources */,
				5F5FF0602BB6D6CD009622B1 /* Frameworks */,
				5F5FF0612BB6D6CD009622B1 /* Resources */,
			);
			buildRules = (
			);
			dependencies = (
			);
			name = keyboard;
			productName = keyboard;
			productReference = 5F5FF0632BB6D6CD009622B1 /* keyboard.appex */;
			productType = "com.apple.product-type.app-extension";
		};
/* End PBXNativeTarget section */

/* Begin PBXProject section */
		5F5FF0402BB6D684009622B1 /* Project object */ = {
			isa = PBXProject;
			attributes = {
				BuildIndependentTargetsInParallel = 1;
				LastSwiftUpdateCheck = 1510;
				LastUpgradeCheck = 1510;
				TargetAttributes = {
					5F5FF0472BB6D684009622B1 = {
						CreatedOnToolsVersion = 15.1;
					};
					5F5FF0622BB6D6CD009622B1 = {
						CreatedOnToolsVersion = 15.1;
					};
				};
			};
			buildConfigurationList = 5F5FF0432BB6D684009622B1 /* Build configuration list for PBXProject "suomenanbur" */;
			compatibilityVersion = "Xcode 14.0";
			developmentRegion = en;
			hasScannedForEncodings = 0;
			knownRegions = (
				en,
				Base,
				ru,
				fi,
				kv,
			);
			mainGroup = 5F5FF03F2BB6D684009622B1;
			productRefGroup = 5F5FF0492BB6D684009622B1 /* Products */;
			projectDirPath = "";
			projectRoot = "";
			targets = (
				5F5FF0472BB6D684009622B1 /* suomenanbur */,
				5F5FF0622BB6D6CD009622B1 /* keyboard */,
			);
		};
/* End PBXProject section */

/* Begin PBXResourcesBuildPhase section */
		5F5FF0462BB6D684009622B1 /* Resources */ = {
			isa = PBXResourcesBuildPhase;
			buildActionMask = 2147483647;
			files = (
				5F5FF0582BB6D686009622B1 /* LaunchScreen.storyboard in Resources */,
				5F5FF0552BB6D686009622B1 /* Assets.xcassets in Resources */,
				5F5FF0532BB6D684009622B1 /* Main.storyboard in Resources */,
			);
			runOnlyForDeploymentPostprocessing = 0;
		};
		5F5FF0612BB6D6CD009622B1 /* Resources */ = {
			isa = PBXResourcesBuildPhase;
			buildActionMask = 2147483647;
			files = (
				5FDCDE732BB6E83100BCD549 /* Assets.xcassets in Resources */,
			);
			runOnlyForDeploymentPostprocessing = 0;
		};
/* End PBXResourcesBuildPhase section */

/* Begin PBXSourcesBuildPhase section */
		5F5FF0442BB6D684009622B1 /* Sources */ = {
			isa = PBXSourcesBuildPhase;
			buildActionMask = 2147483647;
			files = (
				5F6A55DE2BBB5BBD00D7702F /* TextFieldViewController.swift in Sources */,
				5F5FF0502BB6D684009622B1 /* ViewController.swift in Sources */,
				5F5FF04C2BB6D684009622B1 /* AppDelegate.swift in Sources */,
				5FF5C3C52BD87C3A00E07248 /* TextField.swift in Sources */,
				5F5FF04E2BB6D684009622B1 /* SceneDelegate.swift in Sources */,
			);
			runOnlyForDeploymentPostprocessing = 0;
		};
		5F5FF05F2BB6D6CD009622B1 /* Sources */ = {
			isa = PBXSourcesBuildPhase;
			buildActionMask = 2147483647;
			files = (
				5FDCDE682BB6D7E800BCD549 /* CustomKeyButton.swift in Sources */,
				5FDCDE612BB6D7E800BCD549 /* KeyPopup.swift in Sources */,
				5FDCDE622BB6D7E800BCD549 /* KeyboardViewController.swift in Sources */,
				5FDCDE602BB6D7E800BCD549 /* KeyRow.swift in Sources */,
				5FDCDE5F2BB6D7E800BCD549 /* KeyboardView.swift in Sources */,
				5FDCDE5E2BB6D7E800BCD549 /* KeyBase.swift in Sources */,
				5FDCDE672BB6D7E800BCD549 /* KeyboardHeightDetector.swift in Sources */,
				5FDCDE642BB6D7E800BCD549 /* SpecialKey.swift in Sources */,
				5FDCDE632BB6D7E800BCD549 /* CharacterKey.swift in Sources */,
				5FDCDE662BB6D7E800BCD549 /* UIColor+Extensions.swift in Sources */,
				5FDCDE5D2BB6D7E800BCD549 /* KeyboardLayout.swift in Sources */,
			);
			runOnlyForDeploymentPostprocessing = 0;
		};
/* End PBXSourcesBuildPhase section */

/* Begin PBXTargetDependency section */
		5F5FF0692BB6D6CD009622B1 /* PBXTargetDependency */ = {
			isa = PBXTargetDependency;
			target = 5F5FF0622BB6D6CD009622B1 /* keyboard */;
			targetProxy = 5F5FF0682BB6D6CD009622B1 /* PBXContainerItemProxy */;
		};
/* End PBXTargetDependency section */

/* Begin PBXVariantGroup section */
		5F5FF0512BB6D684009622B1 /* Main.storyboard */ = {
			isa = PBXVariantGroup;
			children = (
				5F5FF0522BB6D684009622B1 /* Base */,
				5FDCDE6B2BB6DE1900BCD549 /* ru */,
				5FDCDE6D2BB6DE2200BCD549 /* fi */,
				5FDCDE6F2BB6DE3A00BCD549 /* kv */,
			);
			name = Main.storyboard;
			sourceTree = "<group>";
		};
		5F5FF0562BB6D686009622B1 /* LaunchScreen.storyboard */ = {
			isa = PBXVariantGroup;
			children = (
				5F5FF0572BB6D686009622B1 /* Base */,
				5FDCDE6C2BB6DE1900BCD549 /* ru */,
				5FDCDE6E2BB6DE2200BCD549 /* fi */,
				5FDCDE702BB6DE3A00BCD549 /* kv */,
			);
			name = LaunchScreen.storyboard;
			sourceTree = "<group>";
		};
/* End PBXVariantGroup section */

/* Begin XCBuildConfiguration section */
		5F5FF05A2BB6D686009622B1 /* Debug */ = {
			isa = XCBuildConfiguration;
			buildSettings = {
				ALWAYS_SEARCH_USER_PATHS = NO;
				ASSETCATALOG_COMPILER_GENERATE_SWIFT_ASSET_SYMBOL_EXTENSIONS = YES;
				CLANG_ANALYZER_LOCALIZABILITY_NONLOCALIZED = YES;
				CLANG_ANALYZER_NONNULL = YES;
				CLANG_ANALYZER_NUMBER_OBJECT_CONVERSION = YES_AGGRESSIVE;
				CLANG_CXX_LANGUAGE_STANDARD = "gnu++20";
				CLANG_ENABLE_MODULES = YES;
				CLANG_ENABLE_OBJC_ARC = YES;
				CLANG_ENABLE_OBJC_WEAK = YES;
				CLANG_WARN_BLOCK_CAPTURE_AUTORELEASING = YES;
				CLANG_WARN_BOOL_CONVERSION = YES;
				CLANG_WARN_COMMA = YES;
				CLANG_WARN_CONSTANT_CONVERSION = YES;
				CLANG_WARN_DEPRECATED_OBJC_IMPLEMENTATIONS = YES;
				CLANG_WARN_DIRECT_OBJC_ISA_USAGE = YES_ERROR;
				CLANG_WARN_DOCUMENTATION_COMMENTS = YES;
				CLANG_WARN_EMPTY_BODY = YES;
				CLANG_WARN_ENUM_CONVERSION = YES;
				CLANG_WARN_INFINITE_RECURSION = YES;
				CLANG_WARN_INT_CONVERSION = YES;
				CLANG_WARN_NON_LITERAL_NULL_CONVERSION = YES;
				CLANG_WARN_OBJC_IMPLICIT_RETAIN_SELF = YES;
				CLANG_WARN_OBJC_LITERAL_CONVERSION = YES;
				CLANG_WARN_OBJC_ROOT_CLASS = YES_ERROR;
				CLANG_WARN_QUOTED_INCLUDE_IN_FRAMEWORK_HEADER = YES;
				CLANG_WARN_RANGE_LOOP_ANALYSIS = YES;
				CLANG_WARN_STRICT_PROTOTYPES = YES;
				CLANG_WARN_SUSPICIOUS_MOVE = YES;
				CLANG_WARN_UNGUARDED_AVAILABILITY = YES_AGGRESSIVE;
				CLANG_WARN_UNREACHABLE_CODE = YES;
				CLANG_WARN__DUPLICATE_METHOD_MATCH = YES;
				COPY_PHASE_STRIP = NO;
				DEBUG_INFORMATION_FORMAT = dwarf;
				ENABLE_STRICT_OBJC_MSGSEND = YES;
				ENABLE_TESTABILITY = YES;
				ENABLE_USER_SCRIPT_SANDBOXING = YES;
				GCC_C_LANGUAGE_STANDARD = gnu17;
				GCC_DYNAMIC_NO_PIC = NO;
				GCC_NO_COMMON_BLOCKS = YES;
				GCC_OPTIMIZATION_LEVEL = 0;
				GCC_PREPROCESSOR_DEFINITIONS = (
					"DEBUG=1",
					"$(inherited)",
				);
				GCC_WARN_64_TO_32_BIT_CONVERSION = YES;
				GCC_WARN_ABOUT_RETURN_TYPE = YES_ERROR;
				GCC_WARN_UNDECLARED_SELECTOR = YES;
				GCC_WARN_UNINITIALIZED_AUTOS = YES_AGGRESSIVE;
				GCC_WARN_UNUSED_FUNCTION = YES;
				GCC_WARN_UNUSED_VARIABLE = YES;
				IPHONEOS_DEPLOYMENT_TARGET = 14.0;
				LOCALIZATION_PREFERS_STRING_CATALOGS = YES;
				MTL_ENABLE_DEBUG_INFO = INCLUDE_SOURCE;
				MTL_FAST_MATH = YES;
				ONLY_ACTIVE_ARCH = YES;
				SDKROOT = iphoneos;
				SWIFT_ACTIVE_COMPILATION_CONDITIONS = "DEBUG $(inherited)";
				SWIFT_OPTIMIZATION_LEVEL = "-Onone";
			};
			name = Debug;
		};
		5F5FF05B2BB6D686009622B1 /* Release */ = {
			isa = XCBuildConfiguration;
			buildSettings = {
				ALWAYS_SEARCH_USER_PATHS = NO;
				ASSETCATALOG_COMPILER_GENERATE_SWIFT_ASSET_SYMBOL_EXTENSIONS = YES;
				CLANG_ANALYZER_LOCALIZABILITY_NONLOCALIZED = YES;
				CLANG_ANALYZER_NONNULL = YES;
				CLANG_ANALYZER_NUMBER_OBJECT_CONVERSION = YES_AGGRESSIVE;
				CLANG_CXX_LANGUAGE_STANDARD = "gnu++20";
				CLANG_ENABLE_MODULES = YES;
				CLANG_ENABLE_OBJC_ARC = YES;
				CLANG_ENABLE_OBJC_WEAK = YES;
				CLANG_WARN_BLOCK_CAPTURE_AUTORELEASING = YES;
				CLANG_WARN_BOOL_CONVERSION = YES;
				CLANG_WARN_COMMA = YES;
				CLANG_WARN_CONSTANT_CONVERSION = YES;
				CLANG_WARN_DEPRECATED_OBJC_IMPLEMENTATIONS = YES;
				CLANG_WARN_DIRECT_OBJC_ISA_USAGE = YES_ERROR;
				CLANG_WARN_DOCUMENTATION_COMMENTS = YES;
				CLANG_WARN_EMPTY_BODY = YES;
				CLANG_WARN_ENUM_CONVERSION = YES;
				CLANG_WARN_INFINITE_RECURSION = YES;
				CLANG_WARN_INT_CONVERSION = YES;
				CLANG_WARN_NON_LITERAL_NULL_CONVERSION = YES;
				CLANG_WARN_OBJC_IMPLICIT_RETAIN_SELF = YES;
				CLANG_WARN_OBJC_LITERAL_CONVERSION = YES;
				CLANG_WARN_OBJC_ROOT_CLASS = YES_ERROR;
				CLANG_WARN_QUOTED_INCLUDE_IN_FRAMEWORK_HEADER = YES;
				CLANG_WARN_RANGE_LOOP_ANALYSIS = YES;
				CLANG_WARN_STRICT_PROTOTYPES = YES;
				CLANG_WARN_SUSPICIOUS_MOVE = YES;
				CLANG_WARN_UNGUARDED_AVAILABILITY = YES_AGGRESSIVE;
				CLANG_WARN_UNREACHABLE_CODE = YES;
				CLANG_WARN__DUPLICATE_METHOD_MATCH = YES;
				COPY_PHASE_STRIP = NO;
				DEBUG_INFORMATION_FORMAT = "dwarf-with-dsym";
				ENABLE_NS_ASSERTIONS = NO;
				ENABLE_STRICT_OBJC_MSGSEND = YES;
				ENABLE_USER_SCRIPT_SANDBOXING = YES;
				GCC_C_LANGUAGE_STANDARD = gnu17;
				GCC_NO_COMMON_BLOCKS = YES;
				GCC_WARN_64_TO_32_BIT_CONVERSION = YES;
				GCC_WARN_ABOUT_RETURN_TYPE = YES_ERROR;
				GCC_WARN_UNDECLARED_SELECTOR = YES;
				GCC_WARN_UNINITIALIZED_AUTOS = YES_AGGRESSIVE;
				GCC_WARN_UNUSED_FUNCTION = YES;
				GCC_WARN_UNUSED_VARIABLE = YES;
				IPHONEOS_DEPLOYMENT_TARGET = 14.0;
				LOCALIZATION_PREFERS_STRING_CATALOGS = YES;
				MTL_ENABLE_DEBUG_INFO = NO;
				MTL_FAST_MATH = YES;
				SDKROOT = iphoneos;
				SWIFT_COMPILATION_MODE = wholemodule;
				VALIDATE_PRODUCT = YES;
			};
			name = Release;
		};
		5F5FF05D2BB6D686009622B1 /* Debug */ = {
			isa = XCBuildConfiguration;
			buildSettings = {
				ALWAYS_EMBED_SWIFT_STANDARD_LIBRARIES = YES;
				ASSETCATALOG_COMPILER_APPICON_NAME = AppIcon;
				ASSETCATALOG_COMPILER_GLOBAL_ACCENT_COLOR_NAME = AccentColor;
				CODE_SIGN_STYLE = Automatic;
				CURRENT_PROJECT_VERSION = 1;
				DEVELOPMENT_TEAM = RJL88SHRZC;
				GENERATE_INFOPLIST_FILE = YES;
				INFOPLIST_FILE = suomenanbur/Info.plist;
				INFOPLIST_KEY_LSApplicationCategoryType = "public.app-category.utilities";
				INFOPLIST_KEY_UIApplicationSupportsIndirectInputEvents = YES;
				INFOPLIST_KEY_UILaunchStoryboardName = LaunchScreen;
				INFOPLIST_KEY_UIMainStoryboardFile = Main;
				INFOPLIST_KEY_UISupportedInterfaceOrientations_iPad = "UIInterfaceOrientationPortrait UIInterfaceOrientationPortraitUpsideDown UIInterfaceOrientationLandscapeLeft UIInterfaceOrientationLandscapeRight";
				INFOPLIST_KEY_UISupportedInterfaceOrientations_iPhone = "UIInterfaceOrientationPortrait UIInterfaceOrientationLandscapeLeft UIInterfaceOrientationLandscapeRight";
				IPHONEOS_DEPLOYMENT_TARGET = 13.0;
				LD_RUNPATH_SEARCH_PATHS = (
					"$(inherited)",
					"@executable_path/Frameworks",
				);
				MARKETING_VERSION = 1.0;
				PRODUCT_BUNDLE_IDENTIFIER = com.majbyr.suomenanbur;
				PRODUCT_NAME = "$(TARGET_NAME)";
				SWIFT_EMIT_LOC_STRINGS = YES;
				SWIFT_VERSION = 5.0;
				TARGETED_DEVICE_FAMILY = "1,2";
			};
			name = Debug;
		};
		5F5FF05E2BB6D686009622B1 /* Release */ = {
			isa = XCBuildConfiguration;
			buildSettings = {
				ALWAYS_EMBED_SWIFT_STANDARD_LIBRARIES = YES;
				ASSETCATALOG_COMPILER_APPICON_NAME = AppIcon;
				ASSETCATALOG_COMPILER_GLOBAL_ACCENT_COLOR_NAME = AccentColor;
				CODE_SIGN_STYLE = Automatic;
				CURRENT_PROJECT_VERSION = 1;
				DEVELOPMENT_TEAM = RJL88SHRZC;
				GENERATE_INFOPLIST_FILE = YES;
				INFOPLIST_FILE = suomenanbur/Info.plist;
				INFOPLIST_KEY_LSApplicationCategoryType = "public.app-category.utilities";
				INFOPLIST_KEY_UIApplicationSupportsIndirectInputEvents = YES;
				INFOPLIST_KEY_UILaunchStoryboardName = LaunchScreen;
				INFOPLIST_KEY_UIMainStoryboardFile = Main;
				INFOPLIST_KEY_UISupportedInterfaceOrientations_iPad = "UIInterfaceOrientationPortrait UIInterfaceOrientationPortraitUpsideDown UIInterfaceOrientationLandscapeLeft UIInterfaceOrientationLandscapeRight";
				INFOPLIST_KEY_UISupportedInterfaceOrientations_iPhone = "UIInterfaceOrientationPortrait UIInterfaceOrientationLandscapeLeft UIInterfaceOrientationLandscapeRight";
				IPHONEOS_DEPLOYMENT_TARGET = 13.0;
				LD_RUNPATH_SEARCH_PATHS = (
					"$(inherited)",
					"@executable_path/Frameworks",
				);
				MARKETING_VERSION = 1.0;
				PRODUCT_BUNDLE_IDENTIFIER = com.majbyr.suomenanbur;
				PRODUCT_NAME = "$(TARGET_NAME)";
				SWIFT_EMIT_LOC_STRINGS = YES;
				SWIFT_VERSION = 5.0;
				TARGETED_DEVICE_FAMILY = "1,2";
			};
			name = Release;
		};
		5F5FF06C2BB6D6CD009622B1 /* Debug */ = {
			isa = XCBuildConfiguration;
			buildSettings = {
				CODE_SIGN_STYLE = Automatic;
				CURRENT_PROJECT_VERSION = 1;
				DEVELOPMENT_TEAM = RJL88SHRZC;
				GENERATE_INFOPLIST_FILE = YES;
				INFOPLIST_FILE = keyboard/Info.plist;
				INFOPLIST_KEY_CFBundleDisplayName = keyboard;
				INFOPLIST_KEY_NSHumanReadableCopyright = "";
				IPHONEOS_DEPLOYMENT_TARGET = 14.0;
				LD_RUNPATH_SEARCH_PATHS = (
					"$(inherited)",
					"@executable_path/Frameworks",
					"@executable_path/../../Frameworks",
				);
				MARKETING_VERSION = 1.0;
				PRODUCT_BUNDLE_IDENTIFIER = com.majbyr.suomenanbur.keyboard;
				PRODUCT_NAME = "$(TARGET_NAME)";
				SKIP_INSTALL = YES;
				SUPPORTED_PLATFORMS = "iphoneos iphonesimulator";
				SUPPORTS_MACCATALYST = NO;
				SUPPORTS_MAC_DESIGNED_FOR_IPHONE_IPAD = NO;
				SWIFT_EMIT_LOC_STRINGS = YES;
				SWIFT_VERSION = 5.0;
				TARGETED_DEVICE_FAMILY = "1,2";
			};
			name = Debug;
		};
		5F5FF06D2BB6D6CD009622B1 /* Release */ = {
			isa = XCBuildConfiguration;
			buildSettings = {
				CODE_SIGN_STYLE = Automatic;
				CURRENT_PROJECT_VERSION = 1;
				DEVELOPMENT_TEAM = RJL88SHRZC;
				GENERATE_INFOPLIST_FILE = YES;
				INFOPLIST_FILE = keyboard/Info.plist;
				INFOPLIST_KEY_CFBundleDisplayName = keyboard;
				INFOPLIST_KEY_NSHumanReadableCopyright = "";
				IPHONEOS_DEPLOYMENT_TARGET = 14.0;
				LD_RUNPATH_SEARCH_PATHS = (
					"$(inherited)",
					"@executable_path/Frameworks",
					"@executable_path/../../Frameworks",
				);
				MARKETING_VERSION = 1.0;
				PRODUCT_BUNDLE_IDENTIFIER = com.majbyr.suomenanbur.keyboard;
				PRODUCT_NAME = "$(TARGET_NAME)";
				SKIP_INSTALL = YES;
				SUPPORTED_PLATFORMS = "iphoneos iphonesimulator";
				SUPPORTS_MACCATALYST = NO;
				SUPPORTS_MAC_DESIGNED_FOR_IPHONE_IPAD = NO;
				SWIFT_EMIT_LOC_STRINGS = YES;
				SWIFT_VERSION = 5.0;
				TARGETED_DEVICE_FAMILY = "1,2";
			};
			name = Release;
		};
/* End XCBuildConfiguration section */

/* Begin XCConfigurationList section */
		5F5FF0432BB6D684009622B1 /* Build configuration list for PBXProject "suomenanbur" */ = {
			isa = XCConfigurationList;
			buildConfigurations = (
				5F5FF05A2BB6D686009622B1 /* Debug */,
				5F5FF05B2BB6D686009622B1 /* Release */,
			);
			defaultConfigurationIsVisible = 0;
			defaultConfigurationName = Release;
		};
		5F5FF05C2BB6D686009622B1 /* Build configuration list for PBXNativeTarget "suomenanbur" */ = {
			isa = XCConfigurationList;
			buildConfigurations = (
				5F5FF05D2BB6D686009622B1 /* Debug */,
				5F5FF05E2BB6D686009622B1 /* Release */,
			);
			defaultConfigurationIsVisible = 0;
			defaultConfigurationName = Release;
		};
		5F5FF06B2BB6D6CD009622B1 /* Build configuration list for PBXNativeTarget "keyboard" */ = {
			isa = XCConfigurationList;
			buildConfigurations = (
				5F5FF06C2BB6D6CD009622B1 /* Debug */,
				5F5FF06D2BB6D6CD009622B1 /* Release */,
			);
			defaultConfigurationIsVisible = 0;
			defaultConfigurationName = Release;
		};
/* End XCConfigurationList section */
	};
	rootObject = 5F5FF0402BB6D684009622B1 /* Project object */;
}
